
Microsoft Visual Studio Solution File, Format Version 12.00
# Visual Studio Version 17
VisualStudioVersion = 17.14.36121.58
MinimumVisualStudioVersion = 10.0.40219.1
Project("{FAE04EC0-301F-11D3-BF4B-00C04F79EFBC}") = "ExpressionPack", "ExpressionPack\ExpressionPack.csproj", "{6CDE7DEE-5693-4F6A-91B6-E2C7132FF7FD}"
EndProject
Project("{FAE04EC0-301F-11D3-BF4B-00C04F79EFBC}") = "ExpressionPack_8.0", "ExpressionPack_8.0\ExpressionPack_8.0.csproj", "{BC0AED45-DE31-42D8-B054-45229F0B927E}"
EndProject
Project("{FAE04EC0-301F-11D3-BF4B-00C04F79EFBC}") = "ExpressionPack_462", "ExpressionPack_462\ExpressionPack_462.csproj", "{ABF9E6AF-C4C6-479D-8FCD-A6F56E93C3E9}"
EndProject
Global
	GlobalSection(SolutionConfigurationPlatforms) = preSolution
		Debug|Any CPU = Debug|Any CPU
		Release|Any CPU = Release|Any CPU
	EndGlobalSection
	GlobalSection(ProjectConfigurationPlatforms) = postSolution
		{6CDE7DEE-5693-4F6A-91B6-E2C7132FF7FD}.Debug|Any CPU.ActiveCfg = Debug|Any CPU
		{6CDE7DEE-5693-4F6A-91B6-E2C7132FF7FD}.Debug|Any CPU.Build.0 = Debug|Any CPU
		{6CDE7DEE-5693-4F6A-91B6-E2C7132FF7FD}.Release|Any CPU.ActiveCfg = Release|Any CPU
		{6CDE7DEE-5693-4F6A-91B6-E2C7132FF7FD}.Release|Any CPU.Build.0 = Release|Any CPU
		{BC0AED45-DE31-42D8-B054-45229F0B927E}.Debug|Any CPU.ActiveCfg = Debug|Any CPU
		{BC0AED45-DE31-42D8-B054-45229F0B927E}.Debug|Any CPU.Build.0 = Debug|Any CPU
		{BC0AED45-DE31-42D8-B054-45229F0B927E}.Release|Any CPU.ActiveCfg = Release|Any CPU
		{BC0AED45-DE31-42D8-B054-45229F0B927E}.Release|Any CPU.Build.0 = Release|Any CPU
		{ABF9E6AF-C4C6-479D-8FCD-A6F56E93C3E9}.Debug|Any CPU.ActiveCfg = Debug|Any CPU
		{ABF9E6AF-C4C6-479D-8FCD-A6F56E93C3E9}.Debug|Any CPU.Build.0 = Debug|Any CPU
		{ABF9E6AF-C4C6-479D-8FCD-A6F56E93C3E9}.Release|Any CPU.ActiveCfg = Release|Any CPU
		{ABF9E6AF-C4C6-479D-8FCD-A6F56E93C3E9}.Release|Any CPU.Build.0 = Release|Any CPU
	EndGlobalSection
	GlobalSection(SolutionProperties) = preSolution
		HideSolutionNode = FALSE
	EndGlobalSection
	GlobalSection(ExtensibilityGlobals) = postSolution
		SolutionGuid = {14F904D9-09FC-4320-90F3-D2020F60093F}
	EndGlobalSection
EndGlobal
